{
  "lockfileVersion": 1,
  "workspaces": {
    "": {
      "name": "@mkly-plugins/email",
      "dependencies": {
        "@mklyml/core": ">=0.1.0",
      },
      "devDependencies": {
        "@mklyml/kits": ">=0.1.0",
        "@types/bun": "latest",
        "typescript": "~5.8.2",
      },
    },
  },
  "packages": {
    "@mklyml/core": ["@mklyml/core@0.1.2", "", { "dependencies": { "zod": "4.3.6" } }, "sha512-f7+S4ku28+ubB6w3kRR3TUnWC5iRIfoPyfED331yRk3BCt5zrFfFADpRAag1e77vu+8QUN34cujFcCF/CYU4RA=="],

    "@mklyml/kits": ["@mklyml/kits@0.1.2", "", { "dependencies": { "@mklyml/core": "^0.1.0", "zod": "^4.3.6" } }, "sha512-M7wOmgiETFYXj6cVE6zdCmQht+KY4zpAnjtstOn5sat1CqWXmI10pS+0kzD2UapTyc7ISYKtzuEvKBFKs3OAlw=="],

    "@types/bun": ["@types/bun@1.3.8", "", { "dependencies": { "bun-types": "1.3.8" } }, "sha512-3LvWJ2q5GerAXYxO2mffLTqOzEu5qnhEAlh48Vnu8WQfnmSwbgagjGZV6BoHKJztENYEDn6QmVd949W4uESRJA=="],

    "@types/node": ["@types/node@25.2.1", "", { "dependencies": { "undici-types": "~7.16.0" } }, "sha512-CPrnr8voK8vC6eEtyRzvMpgp3VyVRhgclonE7qYi6P9sXwYb59ucfrnmFBTaP0yUi8Gk4yZg/LlTJULGxvTNsg=="],

    "bun-types": ["bun-types@1.3.8", "", { "dependencies": { "@types/node": "*" } }, "sha512-fL99nxdOWvV4LqjmC+8Q9kW3M4QTtTR1eePs94v5ctGqU8OeceWrSUaRw3JYb7tU3FkMIAjkueehrHPPPGKi5Q=="],

    "typescript": ["typescript@5.8.3", "", { "bin": { "tsc": "bin/tsc", "tsserver": "bin/tsserver" } }, "sha512-p1diW6TqL9L07nNxvRMM7hMMw4c5XOo/1ibL4aAIGmSAt9slTE1Xgw5KWuof2uTOvCg9BY7ZRi+GaF+7sfgPeQ=="],

    "undici-types": ["undici-types@7.16.0", "", {}, "sha512-Zz+aZWSj8LE6zoxD+xrjh4VfkIG8Ya6LvYkZqtUQGJPZjYl53ypCaUwWqo7eI0x66KBGeRo+mlBEkMSeSZ38Nw=="],

    "zod": ["zod@4.3.6", "", {}, "sha512-rftlrkhHZOcjDwkGlnUtZZkvaPHCsDATp4pGpuOOMDaTdDDXF91wuVDJoWoPsKX/3YPQ5fHuF3STjcYyKr+Qhg=="],
  }
}
